
Microsoft Visual Studio Solution File, Format Version 12.00
# Visual Studio Version 17
VisualStudioVersion = 17.7.34031.279
MinimumVisualStudioVersion = 10.0.40219.1
Project("{FAE04EC0-301F-11D3-BF4B-00C04F79EFBC}") = "QuanLyKhoHang", "QuanLyKhoHang.csproj", "{A89B4BEB-EA1B-48B5-B0B1-1B11286F2701}"
EndProject
Global
	GlobalSection(SolutionConfigurationPlatforms) = preSolution
		Debug|Any CPU = Debug|Any CPU
		Release|Any CPU = Release|Any CPU
	EndGlobalSection
	GlobalSection(ProjectConfigurationPlatforms) = postSolution
		{A89B4BEB-EA1B-48B5-B0B1-1B11286F2701}.Debug|Any CPU.ActiveCfg = Debug|Any CPU
		{A89B4BEB-EA1B-48B5-B0B1-1B11286F2701}.Debug|Any CPU.Build.0 = Debug|Any CPU
		{A89B4BEB-EA1B-48B5-B0B1-1B11286F2701}.Release|Any CPU.ActiveCfg = Release|Any CPU
		{A89B4BEB-EA1B-48B5-B0B1-1B11286F2701}.Release|Any CPU.Build.0 = Release|Any CPU
	EndGlobalSection
	GlobalSection(SolutionProperties) = preSolution
		HideSolutionNode = FALSE
	EndGlobalSection
	GlobalSection(ExtensibilityGlobals) = postSolution
		SolutionGuid = {9A9518AD-5A27-4A44-AFCC-C5C795AD8712}
	EndGlobalSection
EndGlobal
